
Microsoft Visual Studio Solution File, Format Version 12.00
# Visual Studio Version 17
VisualStudioVersion = 17.4.33403.182
MinimumVisualStudioVersion = 10.0.40219.1
Project("{FAE04EC0-301F-11D3-BF4B-00C04F79EFBC}") = "PopulateDataInDropDown", "PoplulateDataInDropDown\PopulateDataInDropDown.csproj", "{034C9064-AE8A-4D6D-8125-5317E7368022}"
EndProject
Global
	GlobalSection(SolutionConfigurationPlatforms) = preSolution
		Debug|Any CPU = Debug|Any CPU
		Release|Any CPU = Release|Any CPU
	EndGlobalSection
	GlobalSection(ProjectConfigurationPlatforms) = postSolution
		{034C9064-AE8A-4D6D-8125-5317E7368022}.Debug|Any CPU.ActiveCfg = Debug|Any CPU
		{034C9064-AE8A-4D6D-8125-5317E7368022}.Debug|Any CPU.Build.0 = Debug|Any CPU
		{034C9064-AE8A-4D6D-8125-5317E7368022}.Release|Any CPU.ActiveCfg = Release|Any CPU
		{034C9064-AE8A-4D6D-8125-5317E7368022}.Release|Any CPU.Build.0 = Release|Any CPU
	EndGlobalSection
	GlobalSection(SolutionProperties) = preSolution
		HideSolutionNode = FALSE
	EndGlobalSection
	GlobalSection(ExtensibilityGlobals) = postSolution
		SolutionGuid = {D6555EAD-ECC8-4A87-991D-71923F7D2C8A}
	EndGlobalSection
EndGlobal
